
Microsoft Visual Studio Solution File, Format Version 12.00
# Visual Studio Version 17
VisualStudioVersion = 17.1.32328.378
MinimumVisualStudioVersion = 10.0.40219.1
Project("{FAE04EC0-301F-11D3-BF4B-00C04F79EFBC}") = "Bil Projekt", "Bil Projekt\Bil Projekt.csproj", "{0F49837E-A19A-49B0-B650-E4B398DE0D2D}"
EndProject
Global
	GlobalSection(SolutionConfigurationPlatforms) = preSolution
		Debug|Any CPU = Debug|Any CPU
		Release|Any CPU = Release|Any CPU
	EndGlobalSection
	GlobalSection(ProjectConfigurationPlatforms) = postSolution
		{0F49837E-A19A-49B0-B650-E4B398DE0D2D}.Debug|Any CPU.ActiveCfg = Debug|Any CPU
		{0F49837E-A19A-49B0-B650-E4B398DE0D2D}.Debug|Any CPU.Build.0 = Debug|Any CPU
		{0F49837E-A19A-49B0-B650-E4B398DE0D2D}.Release|Any CPU.ActiveCfg = Release|Any CPU
		{0F49837E-A19A-49B0-B650-E4B398DE0D2D}.Release|Any CPU.Build.0 = Release|Any CPU
	EndGlobalSection
	GlobalSection(SolutionProperties) = preSolution
		HideSolutionNode = FALSE
	EndGlobalSection
	GlobalSection(ExtensibilityGlobals) = postSolution
		SolutionGuid = {0196E5F5-CEA6-48D5-B01B-C237D626B09E}
	EndGlobalSection
EndGlobal
